
Microsoft Visual Studio Solution File, Format Version 12.00
# Visual Studio Version 17
VisualStudioVersion = 17.8.34525.116
MinimumVisualStudioVersion = 10.0.40219.1
Project("{FAE04EC0-301F-11D3-BF4B-00C04F79EFBC}") = "WinFormsApp1", "WinFormsApp1\WinFormsApp1.csproj", "{F2C9BCF1-9E26-4B02-B978-8011F25F0F92}"
EndProject
Global
	GlobalSection(SolutionConfigurationPlatforms) = preSolution
		Debug|Any CPU = Debug|Any CPU
		Release|Any CPU = Release|Any CPU
	EndGlobalSection
	GlobalSection(ProjectConfigurationPlatforms) = postSolution
		{F2C9BCF1-9E26-4B02-B978-8011F25F0F92}.Debug|Any CPU.ActiveCfg = Debug|Any CPU
		{F2C9BCF1-9E26-4B02-B978-8011F25F0F92}.Debug|Any CPU.Build.0 = Debug|Any CPU
		{F2C9BCF1-9E26-4B02-B978-8011F25F0F92}.Release|Any CPU.ActiveCfg = Release|Any CPU
		{F2C9BCF1-9E26-4B02-B978-8011F25F0F92}.Release|Any CPU.Build.0 = Release|Any CPU
	EndGlobalSection
	GlobalSection(SolutionProperties) = preSolution
		HideSolutionNode = FALSE
	EndGlobalSection
	GlobalSection(ExtensibilityGlobals) = postSolution
		SolutionGuid = {48E8D656-30C8-44EE-A75E-4BEBC7AC4F3E}
	EndGlobalSection
EndGlobal
